
Microsoft Visual Studio Solution File, Format Version 12.00
# Visual Studio Version 16
VisualStudioVersion = 16.0.31129.286
MinimumVisualStudioVersion = 10.0.40219.1
Project("{FAE04EC0-301F-11D3-BF4B-00C04F79EFBC}") = "Uaine.Objects", "Uaine.Objects.csproj", "{4E7E8DE0-33CB-46FC-9C6B-92BA003EE38F}"
EndProject
Global
	GlobalSection(SolutionConfigurationPlatforms) = preSolution
		Debug|Any CPU = Debug|Any CPU
		Release|Any CPU = Release|Any CPU
	EndGlobalSection
	GlobalSection(ProjectConfigurationPlatforms) = postSolution
		{4E7E8DE0-33CB-46FC-9C6B-92BA003EE38F}.Debug|Any CPU.ActiveCfg = Debug|Any CPU
		{4E7E8DE0-33CB-46FC-9C6B-92BA003EE38F}.Debug|Any CPU.Build.0 = Debug|Any CPU
		{4E7E8DE0-33CB-46FC-9C6B-92BA003EE38F}.Release|Any CPU.ActiveCfg = Release|Any CPU
		{4E7E8DE0-33CB-46FC-9C6B-92BA003EE38F}.Release|Any CPU.Build.0 = Release|Any CPU
	EndGlobalSection
	GlobalSection(SolutionProperties) = preSolution
		HideSolutionNode = FALSE
	EndGlobalSection
	GlobalSection(ExtensibilityGlobals) = postSolution
		SolutionGuid = {7AC04ED0-425F-45C0-BE73-F19C409EBC34}
	EndGlobalSection
EndGlobal
